
Microsoft Visual Studio Solution File, Format Version 12.00
# Visual Studio Version 16
VisualStudioVersion = 16.0.30611.23
MinimumVisualStudioVersion = 10.0.40219.1
Project("{FAE04EC0-301F-11D3-BF4B-00C04F79EFBC}") = "TestConsoleApp", "TestConsoleApp\TestConsoleApp.csproj", "{2247AA9D-F0EF-483A-BA43-FE48A31E5B32}"
EndProject
Global
	GlobalSection(SolutionConfigurationPlatforms) = preSolution
		Debug|Any CPU = Debug|Any CPU
		Release|Any CPU = Release|Any CPU
	EndGlobalSection
	GlobalSection(ProjectConfigurationPlatforms) = postSolution
		{2247AA9D-F0EF-483A-BA43-FE48A31E5B32}.Debug|Any CPU.ActiveCfg = Debug|Any CPU
		{2247AA9D-F0EF-483A-BA43-FE48A31E5B32}.Debug|Any CPU.Build.0 = Debug|Any CPU
		{2247AA9D-F0EF-483A-BA43-FE48A31E5B32}.Release|Any CPU.ActiveCfg = Release|Any CPU
		{2247AA9D-F0EF-483A-BA43-FE48A31E5B32}.Release|Any CPU.Build.0 = Release|Any CPU
	EndGlobalSection
	GlobalSection(SolutionProperties) = preSolution
		HideSolutionNode = FALSE
	EndGlobalSection
	GlobalSection(ExtensibilityGlobals) = postSolution
		SolutionGuid = {506AF597-AE62-4410-A518-6539F1A3B642}
	EndGlobalSection
EndGlobal
